
Microsoft Visual Studio Solution File, Format Version 12.00
# Visual Studio 15
VisualStudioVersion = 15.0.28010.2048
MinimumVisualStudioVersion = 10.0.40219.1
Project("{9A19103F-16F7-4668-BE54-9A1E7A4F7556}") = "FinalGroupProject", "FinalGroupProject.csproj", "{B967A8B9-EF13-419F-A1F4-158CB96AB62C}"
EndProject
Global
	GlobalSection(SolutionConfigurationPlatforms) = preSolution
		Debug|Any CPU = Debug|Any CPU
		Release|Any CPU = Release|Any CPU
	EndGlobalSection
	GlobalSection(ProjectConfigurationPlatforms) = postSolution
		{B967A8B9-EF13-419F-A1F4-158CB96AB62C}.Debug|Any CPU.ActiveCfg = Debug|Any CPU
		{B967A8B9-EF13-419F-A1F4-158CB96AB62C}.Debug|Any CPU.Build.0 = Debug|Any CPU
		{B967A8B9-EF13-419F-A1F4-158CB96AB62C}.Release|Any CPU.ActiveCfg = Release|Any CPU
		{B967A8B9-EF13-419F-A1F4-158CB96AB62C}.Release|Any CPU.Build.0 = Release|Any CPU
	EndGlobalSection
	GlobalSection(SolutionProperties) = preSolution
		HideSolutionNode = FALSE
	EndGlobalSection
	GlobalSection(ExtensibilityGlobals) = postSolution
		SolutionGuid = {FA5B092B-6CB6-4636-A143-C729A2C7D083}
	EndGlobalSection
EndGlobal
